
Microsoft Visual Studio Solution File, Format Version 12.00
# Visual Studio Version 17
VisualStudioVersion = 17.0.31903.59
MinimumVisualStudioVersion = 10.0.40219.1
Project("{FAE04EC0-301F-11D3-BF4B-00C04F79EFBC}") = "Viamatica.Domain", "Viamatica.Domain\Viamatica.Domain.csproj", "{6846A592-DFA4-4585-963E-5C03BCF5CB03}"
EndProject
Project("{FAE04EC0-301F-11D3-BF4B-00C04F79EFBC}") = "Viamatica.Application", "Viamatica.Application\Viamatica.Application.csproj", "{BB964A03-332A-49B8-85B5-71D3DEF68060}"
EndProject
Project("{FAE04EC0-301F-11D3-BF4B-00C04F79EFBC}") = "Viamatica.Infrastructure", "Viamatica.Infrastructure\Viamatica.Infrastructure.csproj", "{22F50062-C6D6-4330-ADAC-941680A63A1B}"
EndProject
Project("{FAE04EC0-301F-11D3-BF4B-00C04F79EFBC}") = "Viamatica.Api", "Viamatica.Api\Viamatica.Api.csproj", "{4F09DB04-7581-4310-8ACB-BE11F45601BA}"
EndProject
Global
	GlobalSection(SolutionConfigurationPlatforms) = preSolution
		Debug|Any CPU = Debug|Any CPU
		Debug|x64 = Debug|x64
		Debug|x86 = Debug|x86
		Release|Any CPU = Release|Any CPU
		Release|x64 = Release|x64
		Release|x86 = Release|x86
	EndGlobalSection
	GlobalSection(ProjectConfigurationPlatforms) = postSolution
		{6846A592-DFA4-4585-963E-5C03BCF5CB03}.Debug|Any CPU.ActiveCfg = Debug|Any CPU
		{6846A592-DFA4-4585-963E-5C03BCF5CB03}.Debug|Any CPU.Build.0 = Debug|Any CPU
		{6846A592-DFA4-4585-963E-5C03BCF5CB03}.Debug|x64.ActiveCfg = Debug|Any CPU
		{6846A592-DFA4-4585-963E-5C03BCF5CB03}.Debug|x64.Build.0 = Debug|Any CPU
		{6846A592-DFA4-4585-963E-5C03BCF5CB03}.Debug|x86.ActiveCfg = Debug|Any CPU
		{6846A592-DFA4-4585-963E-5C03BCF5CB03}.Debug|x86.Build.0 = Debug|Any CPU
		{6846A592-DFA4-4585-963E-5C03BCF5CB03}.Release|Any CPU.ActiveCfg = Release|Any CPU
		{6846A592-DFA4-4585-963E-5C03BCF5CB03}.Release|Any CPU.Build.0 = Release|Any CPU
		{6846A592-DFA4-4585-963E-5C03BCF5CB03}.Release|x64.ActiveCfg = Release|Any CPU
		{6846A592-DFA4-4585-963E-5C03BCF5CB03}.Release|x64.Build.0 = Release|Any CPU
		{6846A592-DFA4-4585-963E-5C03BCF5CB03}.Release|x86.ActiveCfg = Release|Any CPU
		{6846A592-DFA4-4585-963E-5C03BCF5CB03}.Release|x86.Build.0 = Release|Any CPU
		{BB964A03-332A-49B8-85B5-71D3DEF68060}.Debug|Any CPU.ActiveCfg = Debug|Any CPU
		{BB964A03-332A-49B8-85B5-71D3DEF68060}.Debug|Any CPU.Build.0 = Debug|Any CPU
		{BB964A03-332A-49B8-85B5-71D3DEF68060}.Debug|x64.ActiveCfg = Debug|Any CPU
		{BB964A03-332A-49B8-85B5-71D3DEF68060}.Debug|x64.Build.0 = Debug|Any CPU
		{BB964A03-332A-49B8-85B5-71D3DEF68060}.Debug|x86.ActiveCfg = Debug|Any CPU
		{BB964A03-332A-49B8-85B5-71D3DEF68060}.Debug|x86.Build.0 = Debug|Any CPU
		{BB964A03-332A-49B8-85B5-71D3DEF68060}.Release|Any CPU.ActiveCfg = Release|Any CPU
		{BB964A03-332A-49B8-85B5-71D3DEF68060}.Release|Any CPU.Build.0 = Release|Any CPU
		{BB964A03-332A-49B8-85B5-71D3DEF68060}.Release|x64.ActiveCfg = Release|Any CPU
		{BB964A03-332A-49B8-85B5-71D3DEF68060}.Release|x64.Build.0 = Release|Any CPU
		{BB964A03-332A-49B8-85B5-71D3DEF68060}.Release|x86.ActiveCfg = Release|Any CPU
		{BB964A03-332A-49B8-85B5-71D3DEF68060}.Release|x86.Build.0 = Release|Any CPU
		{22F50062-C6D6-4330-ADAC-941680A63A1B}.Debug|Any CPU.ActiveCfg = Debug|Any CPU
		{22F50062-C6D6-4330-ADAC-941680A63A1B}.Debug|Any CPU.Build.0 = Debug|Any CPU
		{22F50062-C6D6-4330-ADAC-941680A63A1B}.Debug|x64.ActiveCfg = Debug|Any CPU
		{22F50062-C6D6-4330-ADAC-941680A63A1B}.Debug|x64.Build.0 = Debug|Any CPU
		{22F50062-C6D6-4330-ADAC-941680A63A1B}.Debug|x86.ActiveCfg = Debug|Any CPU
		{22F50062-C6D6-4330-ADAC-941680A63A1B}.Debug|x86.Build.0 = Debug|Any CPU
		{22F50062-C6D6-4330-ADAC-941680A63A1B}.Release|Any CPU.ActiveCfg = Release|Any CPU
		{22F50062-C6D6-4330-ADAC-941680A63A1B}.Release|Any CPU.Build.0 = Release|Any CPU
		{22F50062-C6D6-4330-ADAC-941680A63A1B}.Release|x64.ActiveCfg = Release|Any CPU
		{22F50062-C6D6-4330-ADAC-941680A63A1B}.Release|x64.Build.0 = Release|Any CPU
		{22F50062-C6D6-4330-ADAC-941680A63A1B}.Release|x86.ActiveCfg = Release|Any CPU
		{22F50062-C6D6-4330-ADAC-941680A63A1B}.Release|x86.Build.0 = Release|Any CPU
		{4F09DB04-7581-4310-8ACB-BE11F45601BA}.Debug|Any CPU.ActiveCfg = Debug|Any CPU
		{4F09DB04-7581-4310-8ACB-BE11F45601BA}.Debug|Any CPU.Build.0 = Debug|Any CPU
		{4F09DB04-7581-4310-8ACB-BE11F45601BA}.Debug|x64.ActiveCfg = Debug|Any CPU
		{4F09DB04-7581-4310-8ACB-BE11F45601BA}.Debug|x64.Build.0 = Debug|Any CPU
		{4F09DB04-7581-4310-8ACB-BE11F45601BA}.Debug|x86.ActiveCfg = Debug|Any CPU
		{4F09DB04-7581-4310-8ACB-BE11F45601BA}.Debug|x86.Build.0 = Debug|Any CPU
		{4F09DB04-7581-4310-8ACB-BE11F45601BA}.Release|Any CPU.ActiveCfg = Release|Any CPU
		{4F09DB04-7581-4310-8ACB-BE11F45601BA}.Release|Any CPU.Build.0 = Release|Any CPU
		{4F09DB04-7581-4310-8ACB-BE11F45601BA}.Release|x64.ActiveCfg = Release|Any CPU
		{4F09DB04-7581-4310-8ACB-BE11F45601BA}.Release|x64.Build.0 = Release|Any CPU
		{4F09DB04-7581-4310-8ACB-BE11F45601BA}.Release|x86.ActiveCfg = Release|Any CPU
		{4F09DB04-7581-4310-8ACB-BE11F45601BA}.Release|x86.Build.0 = Release|Any CPU
	EndGlobalSection
	GlobalSection(SolutionProperties) = preSolution
		HideSolutionNode = FALSE
	EndGlobalSection
EndGlobal
